// !$*UTF8*$!
{
	archiveVersion = 1;
	classes = {
	};
	objectVersion = 46;
	objects = {

/* Begin PBXBuildFile section */
		84068826186C25B900AC61DE /* Foundation.framework in Frameworks */ = {isa = PBXBuildFile; fileRef = 84068825186C25B900AC61DE /* Foundation.framework */; };
		84068828186C25B900AC61DE /* CoreGraphics.framework in Frameworks */ = {isa = PBXBuildFile; fileRef = 84068827186C25B900AC61DE /* CoreGraphics.framework */; };
		8406882A186C25B900AC61DE /* UIKit.framework in Frameworks */ = {isa = PBXBuildFile; fileRef = 84068829186C25B900AC61DE /* UIKit.framework */; };
		84068830186C25B900AC61DE /* InfoPlist.strings in Resources */ = {isa = PBXBuildFile; fileRef = 8406882E186C25B900AC61DE /* InfoPlist.strings */; };
		84068832186C25B900AC61DE /* main.m in Sources */ = {isa = PBXBuildFile; fileRef = 84068831186C25B900AC61DE /* main.m */; };
		84068836186C25BA00AC61DE /* AppDelegate.m in Sources */ = {isa = PBXBuildFile; fileRef = 84068835186C25BA00AC61DE /* AppDelegate.m */; };
		8406883C186C25BA00AC61DE /* LoginViewController.m in Sources */ = {isa = PBXBuildFile; fileRef = 8406883B186C25BA00AC61DE /* LoginViewController.m */; };
		8406883E186C25BA00AC61DE /* Images.xcassets in Resources */ = {isa = PBXBuildFile; fileRef = 8406883D186C25BA00AC61DE /* Images.xcassets */; };
		84068845186C25BA00AC61DE /* XCTest.framework in Frameworks */ = {isa = PBXBuildFile; fileRef = 84068844186C25BA00AC61DE /* XCTest.framework */; };
		84068846186C25BA00AC61DE /* Foundation.framework in Frameworks */ = {isa = PBXBuildFile; fileRef = 84068825186C25B900AC61DE /* Foundation.framework */; };
		84068847186C25BA00AC61DE /* UIKit.framework in Frameworks */ = {isa = PBXBuildFile; fileRef = 84068829186C25B900AC61DE /* UIKit.framework */; };
		8406884F186C25BA00AC61DE /* InfoPlist.strings in Resources */ = {isa = PBXBuildFile; fileRef = 8406884D186C25BA00AC61DE /* InfoPlist.strings */; };
		84068851186C25BA00AC61DE /* SociopathyTests.m in Sources */ = {isa = PBXBuildFile; fileRef = 84068850186C25BA00AC61DE /* SociopathyTests.m */; };
		8408892418785B69004B84BD /* README.md in Resources */ = {isa = PBXBuildFile; fileRef = 8408892318785B69004B84BD /* README.md */; };
		8408892718785CD3004B84BD /* TabBarViewController.m in Sources */ = {isa = PBXBuildFile; fileRef = 8408892618785CD3004B84BD /* TabBarViewController.m */; };
		846BCD4518788A6100A27C9C /* Localizable.strings in Resources */ = {isa = PBXBuildFile; fileRef = 846BCD4318788A6100A27C9C /* Localizable.strings */; };
		846BCD4818788A6900A27C9C /* Localizable.strings in Resources */ = {isa = PBXBuildFile; fileRef = 846BCD4618788A6900A27C9C /* Localizable.strings */; };
		846BCD521879A48700A27C9C /* NSDictionary+HttpTools.m in Sources */ = {isa = PBXBuildFile; fileRef = 846BCD4B1879A48700A27C9C /* NSDictionary+HttpTools.m */; };
		846BCD531879A48700A27C9C /* NSError+Tools.m in Sources */ = {isa = PBXBuildFile; fileRef = 846BCD4D1879A48700A27C9C /* NSError+Tools.m */; };
		846BCD541879A48700A27C9C /* NSString+Tools.m in Sources */ = {isa = PBXBuildFile; fileRef = 846BCD4F1879A48700A27C9C /* NSString+Tools.m */; };
		846BCD551879A48700A27C9C /* UITextField+Tools.m in Sources */ = {isa = PBXBuildFile; fileRef = 846BCD511879A48700A27C9C /* UITextField+Tools.m */; };
		846BCD601879A51900A27C9C /* iTunesArtwork in Resources */ = {isa = PBXBuildFile; fileRef = 846BCD5A1879A51900A27C9C /* iTunesArtwork */; };
		846BCD611879A51900A27C9C /* iTunesArtwork@2x in Resources */ = {isa = PBXBuildFile; fileRef = 846BCD5B1879A51900A27C9C /* iTunesArtwork@2x */; };
		846BCD621879A51900A27C9C /* login screen logo icon.png in Resources */ = {isa = PBXBuildFile; fileRef = 846BCD5C1879A51900A27C9C /* login screen logo icon.png */; };
		846BCD631879A51900A27C9C /* login screen logo icon@2x.png in Resources */ = {isa = PBXBuildFile; fileRef = 846BCD5D1879A51900A27C9C /* login screen logo icon@2x.png */; };
		846BCD641879A51900A27C9C /* login screen logo text.png in Resources */ = {isa = PBXBuildFile; fileRef = 846BCD5E1879A51900A27C9C /* login screen logo text.png */; };
		846BCD651879A51900A27C9C /* login screen logo text@2x.png in Resources */ = {isa = PBXBuildFile; fileRef = 846BCD5F1879A51900A27C9C /* login screen logo text@2x.png */; };
		846BCD6B1879CD4500A27C9C /* UIView+Animator.m in Sources */ = {isa = PBXBuildFile; fileRef = 846BCD6A1879CD4500A27C9C /* UIView+Animator.m */; };
		846BCD6E1879D14000A27C9C /* UIButton+Animator.m in Sources */ = {isa = PBXBuildFile; fileRef = 846BCD6D1879D14000A27C9C /* UIButton+Animator.m */; };
		846BCD71187ACF8C00A27C9C /* PushSegue.m in Sources */ = {isa = PBXBuildFile; fileRef = 846BCD70187ACF8C00A27C9C /* PushSegue.m */; };
		846BCD7E187AE58400A27C9C /* tab bar archive icon.png in Resources */ = {isa = PBXBuildFile; fileRef = 846BCD7A187AE58400A27C9C /* tab bar archive icon.png */; };
		846BCD7F187AE58400A27C9C /* tab bar archive icon@2x.png in Resources */ = {isa = PBXBuildFile; fileRef = 846BCD7B187AE58400A27C9C /* tab bar archive icon@2x.png */; };
		846BCD80187AE58400A27C9C /* tab bar chat icon.png in Resources */ = {isa = PBXBuildFile; fileRef = 846BCD7C187AE58400A27C9C /* tab bar chat icon.png */; };
		846BCD81187AE58400A27C9C /* tab bar chat icon@2x.png in Resources */ = {isa = PBXBuildFile; fileRef = 846BCD7D187AE58400A27C9C /* tab bar chat icon@2x.png */; };
		846BCD95187B379000A27C9C /* Main_iPad.storyboard in Resources */ = {isa = PBXBuildFile; fileRef = 846BCD91187B379000A27C9C /* Main_iPad.storyboard */; };
		846BCD9D187BCD5A00A27C9C /* UIImage+Transformations.m in Sources */ = {isa = PBXBuildFile; fileRef = 846BCD9C187BCD5A00A27C9C /* UIImage+Transformations.m */; };
		846BCDA3187BF42A00A27C9C /* LibraryViewController.m in Sources */ = {isa = PBXBuildFile; fileRef = 846BCDA2187BF42A00A27C9C /* LibraryViewController.m */; };
		846BCDA6187BF44100A27C9C /* ChatViewController.m in Sources */ = {isa = PBXBuildFile; fileRef = 846BCDA5187BF44100A27C9C /* ChatViewController.m */; };
		846BCDAF187BF93800A27C9C /* UITabBarController+TabBarItemIconEnhancer.m in Sources */ = {isa = PBXBuildFile; fileRef = 846BCDAE187BF93800A27C9C /* UITabBarController+TabBarItemIconEnhancer.m */; };
		846BCDB2187C2FEB00A27C9C /* NSURL+Tools.m in Sources */ = {isa = PBXBuildFile; fileRef = 846BCDB1187C2FEB00A27C9C /* NSURL+Tools.m */; };
		846BCDBE187C628C00A27C9C /* LibraryArticle.m in Sources */ = {isa = PBXBuildFile; fileRef = 846BCDBB187C628C00A27C9C /* LibraryArticle.m */; };
		846BCDBF187C628C00A27C9C /* LibraryCategory.m in Sources */ = {isa = PBXBuildFile; fileRef = 846BCDBD187C628C00A27C9C /* LibraryCategory.m */; };
		846BCDC8187C87B100A27C9C /* LibraryCategoryCell.m in Sources */ = {isa = PBXBuildFile; fileRef = 846BCDC7187C87B100A27C9C /* LibraryCategoryCell.m */; };
		846BCDCB187CA49400A27C9C /* Url.m in Sources */ = {isa = PBXBuildFile; fileRef = 846BCDCA187CA49400A27C9C /* Url.m */; };
		846BCDCE187CA6D000A27C9C /* ImageRequest.m in Sources */ = {isa = PBXBuildFile; fileRef = 846BCDCD187CA6D000A27C9C /* ImageRequest.m */; };
		846BCDD1187CB56100A27C9C /* LibraryArticleViewController.m in Sources */ = {isa = PBXBuildFile; fileRef = 846BCDD0187CB56100A27C9C /* LibraryArticleViewController.m */; };
		84913A7D1877487A0032D34E /* settings.plist in Resources */ = {isa = PBXBuildFile; fileRef = 84913A7C187748790032D34E /* settings.plist */; };
		84E5D8A3187D993F002B07CC /* Main_iPad.strings in Resources */ = {isa = PBXBuildFile; fileRef = 84E5D89F187D993F002B07CC /* Main_iPad.strings */; };
		84E5D8A9187D9948002B07CC /* Main_iPad.strings in Resources */ = {isa = PBXBuildFile; fileRef = 84E5D8A5187D9948002B07CC /* Main_iPad.strings */; };
		84E5D8BB187DD183002B07CC /* ChatMessage.m in Sources */ = {isa = PBXBuildFile; fileRef = 84E5D8BA187DD183002B07CC /* ChatMessage.m */; };
		84E5D8BE187DD1C8002B07CC /* User.m in Sources */ = {isa = PBXBuildFile; fileRef = 84E5D8BD187DD1C8002B07CC /* User.m */; };
		84E5D8C1187DD6C3002B07CC /* ChatMessageCell.m in Sources */ = {isa = PBXBuildFile; fileRef = 84E5D8C0187DD6C3002B07CC /* ChatMessageCell.m */; };
		84E5D8CC187EBB2A002B07CC /* no avatar.png in Resources */ = {isa = PBXBuildFile; fileRef = 84E5D8CA187EBB2A002B07CC /* no avatar.png */; };
		84E5D8CD187EBB2A002B07CC /* no avatar@2x.png in Resources */ = {isa = PBXBuildFile; fileRef = 84E5D8CB187EBB2A002B07CC /* no avatar@2x.png */; };
		84E5D8D0187EBD2F002B07CC /* no library category icon.png in Resources */ = {isa = PBXBuildFile; fileRef = 84E5D8CE187EBD2F002B07CC /* no library category icon.png */; };
		84E5D8D1187EBD2F002B07CC /* no library category icon@2x.png in Resources */ = {isa = PBXBuildFile; fileRef = 84E5D8CF187EBD2F002B07CC /* no library category icon@2x.png */; };
		84E5D8D6187EE16F002B07CC /* Main_iPhone.storyboard in Resources */ = {isa = PBXBuildFile; fileRef = 846BCD93187B379000A27C9C /* Main_iPhone.storyboard */; };
		84E5D8D9187EE1A6002B07CC /* Main_iPhone.strings in Resources */ = {isa = PBXBuildFile; fileRef = 84E5D8D7187EE1A6002B07CC /* Main_iPhone.strings */; };
		84E5D8DC187EE1B2002B07CC /* Main_iPhone.strings in Resources */ = {isa = PBXBuildFile; fileRef = 84E5D8DA187EE1B2002B07CC /* Main_iPhone.strings */; };
		84E5D8E4187EF672002B07CC /* UIViewController+TopBarAndBottomBarSpacing.m in Sources */ = {isa = PBXBuildFile; fileRef = 84E5D8E3187EF672002B07CC /* UIViewController+TopBarAndBottomBarSpacing.m */; };
		84E5D8E7187F21C5002B07CC /* ServerCommunication.m in Sources */ = {isa = PBXBuildFile; fileRef = 84E5D8E6187F21C5002B07CC /* ServerCommunication.m */; };
		84E5D8EA187F3E8D002B07CC /* disclosure indicator.png in Resources */ = {isa = PBXBuildFile; fileRef = 84E5D8E8187F3E8D002B07CC /* disclosure indicator.png */; };
		84E5D8EB187F3E8D002B07CC /* disclosure indicator@2x.png in Resources */ = {isa = PBXBuildFile; fileRef = 84E5D8E9187F3E8D002B07CC /* disclosure indicator@2x.png */; };
		84E5D8EE18817952002B07CC /* MultilineLabel.m in Sources */ = {isa = PBXBuildFile; fileRef = 84E5D8ED18817952002B07CC /* MultilineLabel.m */; };
		84E5D8F118817B61002B07CC /* NSDate+TimeAgo.m in Sources */ = {isa = PBXBuildFile; fileRef = 84E5D8F018817B61002B07CC /* NSDate+TimeAgo.m */; };
		84E5D8F41881A38A002B07CC /* LibraryArticleCell.m in Sources */ = {isa = PBXBuildFile; fileRef = 84E5D8F31881A38A002B07CC /* LibraryArticleCell.m */; };
		84E942511884311F00BFACED /* KeyboardAwareController.m in Sources */ = {isa = PBXBuildFile; fileRef = 84E942501884311F00BFACED /* KeyboardAwareController.m */; };
/* End PBXBuildFile section */

/* Begin PBXContainerItemProxy section */
		84068848186C25BA00AC61DE /* PBXContainerItemProxy */ = {
			isa = PBXContainerItemProxy;
			containerPortal = 8406881A186C25B900AC61DE /* Project object */;
			proxyType = 1;
			remoteGlobalIDString = 84068821186C25B900AC61DE;
			remoteInfo = Sociopathy;
		};
/* End PBXContainerItemProxy section */

/* Begin PBXFileReference section */
		84068822186C25B900AC61DE /* Sociopathy.app */ = {isa = PBXFileReference; explicitFileType = wrapper.application; includeInIndex = 0; path = Sociopathy.app; sourceTree = BUILT_PRODUCTS_DIR; };
		84068825186C25B900AC61DE /* Foundation.framework */ = {isa = PBXFileReference; lastKnownFileType = wrapper.framework; name = Foundation.framework; path = System/Library/Frameworks/Foundation.framework; sourceTree = SDKROOT; };
		84068827186C25B900AC61DE /* CoreGraphics.framework */ = {isa = PBXFileReference; lastKnownFileType = wrapper.framework; name = CoreGraphics.framework; path = System/Library/Frameworks/CoreGraphics.framework; sourceTree = SDKROOT; };
		84068829186C25B900AC61DE /* UIKit.framework */ = {isa = PBXFileReference; lastKnownFileType = wrapper.framework; name = UIKit.framework; path = System/Library/Frameworks/UIKit.framework; sourceTree = SDKROOT; };
		8406882D186C25B900AC61DE /* Sociopathy-Info.plist */ = {isa = PBXFileReference; lastKnownFileType = text.plist.xml; path = "Sociopathy-Info.plist"; sourceTree = "<group>"; };
		8406882F186C25B900AC61DE /* en */ = {isa = PBXFileReference; lastKnownFileType = text.plist.strings; name = en; path = en.lproj/InfoPlist.strings; sourceTree = "<group>"; };
		84068831186C25B900AC61DE /* main.m */ = {isa = PBXFileReference; lastKnownFileType = sourcecode.c.objc; path = main.m; sourceTree = "<group>"; };
		84068833186C25BA00AC61DE /* Sociopathy-Prefix.pch */ = {isa = PBXFileReference; lastKnownFileType = sourcecode.c.h; path = "Sociopathy-Prefix.pch"; sourceTree = "<group>"; };
		84068834186C25BA00AC61DE /* AppDelegate.h */ = {isa = PBXFileReference; lastKnownFileType = sourcecode.c.h; path = AppDelegate.h; sourceTree = "<group>"; };
		84068835186C25BA00AC61DE /* AppDelegate.m */ = {isa = PBXFileReference; lastKnownFileType = sourcecode.c.objc; path = AppDelegate.m; sourceTree = "<group>"; };
		8406883A186C25BA00AC61DE /* LoginViewController.h */ = {isa = PBXFileReference; lastKnownFileType = sourcecode.c.h; path = LoginViewController.h; sourceTree = "<group>"; };
		8406883B186C25BA00AC61DE /* LoginViewController.m */ = {isa = PBXFileReference; lastKnownFileType = sourcecode.c.objc; path = LoginViewController.m; sourceTree = "<group>"; };
		8406883D186C25BA00AC61DE /* Images.xcassets */ = {isa = PBXFileReference; lastKnownFileType = folder.assetcatalog; path = Images.xcassets; sourceTree = "<group>"; };
		84068843186C25BA00AC61DE /* SociopathyTests.xctest */ = {isa = PBXFileReference; explicitFileType = wrapper.cfbundle; includeInIndex = 0; path = SociopathyTests.xctest; sourceTree = BUILT_PRODUCTS_DIR; };
		84068844186C25BA00AC61DE /* XCTest.framework */ = {isa = PBXFileReference; lastKnownFileType = wrapper.framework; name = XCTest.framework; path = Library/Frameworks/XCTest.framework; sourceTree = DEVELOPER_DIR; };
		8406884C186C25BA00AC61DE /* SociopathyTests-Info.plist */ = {isa = PBXFileReference; lastKnownFileType = text.plist.xml; path = "SociopathyTests-Info.plist"; sourceTree = "<group>"; };
		8406884E186C25BA00AC61DE /* en */ = {isa = PBXFileReference; lastKnownFileType = text.plist.strings; name = en; path = en.lproj/InfoPlist.strings; sourceTree = "<group>"; };
		84068850186C25BA00AC61DE /* SociopathyTests.m */ = {isa = PBXFileReference; lastKnownFileType = sourcecode.c.objc; path = SociopathyTests.m; sourceTree = "<group>"; };
		8408892318785B69004B84BD /* README.md */ = {isa = PBXFileReference; fileEncoding = 4; lastKnownFileType = text; path = README.md; sourceTree = "<group>"; };
		8408892518785CD3004B84BD /* TabBarViewController.h */ = {isa = PBXFileReference; fileEncoding = 4; lastKnownFileType = sourcecode.c.h; path = TabBarViewController.h; sourceTree = "<group>"; };
		8408892618785CD3004B84BD /* TabBarViewController.m */ = {isa = PBXFileReference; fileEncoding = 4; lastKnownFileType = sourcecode.c.objc; path = TabBarViewController.m; sourceTree = "<group>"; };
		84088928187880FB004B84BD /* ru */ = {isa = PBXFileReference; lastKnownFileType = text.plist.strings; name = ru; path = ru.lproj/InfoPlist.strings; sourceTree = "<group>"; };
		84088929187880FB004B84BD /* ru */ = {isa = PBXFileReference; lastKnownFileType = text.plist.strings; name = ru; path = ru.lproj/InfoPlist.strings; sourceTree = "<group>"; };
		846BCD4418788A6100A27C9C /* ru */ = {isa = PBXFileReference; lastKnownFileType = text.plist.strings; name = ru; path = Localizable.strings; sourceTree = "<group>"; };
		846BCD4718788A6900A27C9C /* en */ = {isa = PBXFileReference; lastKnownFileType = text.plist.strings; name = en; path = Localizable.strings; sourceTree = "<group>"; };
		846BCD4A1879A48700A27C9C /* NSDictionary+HttpTools.h */ = {isa = PBXFileReference; fileEncoding = 4; lastKnownFileType = sourcecode.c.h; path = "NSDictionary+HttpTools.h"; sourceTree = "<group>"; };
		846BCD4B1879A48700A27C9C /* NSDictionary+HttpTools.m */ = {isa = PBXFileReference; fileEncoding = 4; lastKnownFileType = sourcecode.c.objc; path = "NSDictionary+HttpTools.m"; sourceTree = "<group>"; };
		846BCD4C1879A48700A27C9C /* NSError+Tools.h */ = {isa = PBXFileReference; fileEncoding = 4; lastKnownFileType = sourcecode.c.h; path = "NSError+Tools.h"; sourceTree = "<group>"; };
		846BCD4D1879A48700A27C9C /* NSError+Tools.m */ = {isa = PBXFileReference; fileEncoding = 4; lastKnownFileType = sourcecode.c.objc; path = "NSError+Tools.m"; sourceTree = "<group>"; };
		846BCD4E1879A48700A27C9C /* NSString+Tools.h */ = {isa = PBXFileReference; fileEncoding = 4; lastKnownFileType = sourcecode.c.h; path = "NSString+Tools.h"; sourceTree = "<group>"; };
		846BCD4F1879A48700A27C9C /* NSString+Tools.m */ = {isa = PBXFileReference; fileEncoding = 4; lastKnownFileType = sourcecode.c.objc; path = "NSString+Tools.m"; sourceTree = "<group>"; };
		846BCD501879A48700A27C9C /* UITextField+Tools.h */ = {isa = PBXFileReference; fileEncoding = 4; lastKnownFileType = sourcecode.c.h; path = "UITextField+Tools.h"; sourceTree = "<group>"; };
		846BCD511879A48700A27C9C /* UITextField+Tools.m */ = {isa = PBXFileReference; fileEncoding = 4; lastKnownFileType = sourcecode.c.objc; path = "UITextField+Tools.m"; sourceTree = "<group>"; };
		846BCD5A1879A51900A27C9C /* iTunesArtwork */ = {isa = PBXFileReference; lastKnownFileType = file; name = iTunesArtwork; path = pictures/iTunesArtwork; sourceTree = "<group>"; };
		846BCD5B1879A51900A27C9C /* iTunesArtwork@2x */ = {isa = PBXFileReference; lastKnownFileType = file; name = "iTunesArtwork@2x"; path = "pictures/iTunesArtwork@2x"; sourceTree = "<group>"; };
		846BCD5C1879A51900A27C9C /* login screen logo icon.png */ = {isa = PBXFileReference; lastKnownFileType = image.png; name = "login screen logo icon.png"; path = "pictures/login screen logo icon.png"; sourceTree = "<group>"; };
		846BCD5D1879A51900A27C9C /* login screen logo icon@2x.png */ = {isa = PBXFileReference; lastKnownFileType = image.png; name = "login screen logo icon@2x.png"; path = "pictures/login screen logo icon@2x.png"; sourceTree = "<group>"; };
		846BCD5E1879A51900A27C9C /* login screen logo text.png */ = {isa = PBXFileReference; lastKnownFileType = image.png; name = "login screen logo text.png"; path = "pictures/login screen logo text.png"; sourceTree = "<group>"; };
		846BCD5F1879A51900A27C9C /* login screen logo text@2x.png */ = {isa = PBXFileReference; lastKnownFileType = image.png; name = "login screen logo text@2x.png"; path = "pictures/login screen logo text@2x.png"; sourceTree = "<group>"; };
		846BCD691879CD4500A27C9C /* UIView+Animator.h */ = {isa = PBXFileReference; fileEncoding = 4; lastKnownFileType = sourcecode.c.h; path = "UIView+Animator.h"; sourceTree = "<group>"; };
		846BCD6A1879CD4500A27C9C /* UIView+Animator.m */ = {isa = PBXFileReference; fileEncoding = 4; lastKnownFileType = sourcecode.c.objc; path = "UIView+Animator.m"; sourceTree = "<group>"; };
		846BCD6C1879D14000A27C9C /* UIButton+Animator.h */ = {isa = PBXFileReference; fileEncoding = 4; lastKnownFileType = sourcecode.c.h; path = "UIButton+Animator.h"; sourceTree = "<group>"; };
		846BCD6D1879D14000A27C9C /* UIButton+Animator.m */ = {isa = PBXFileReference; fileEncoding = 4; lastKnownFileType = sourcecode.c.objc; path = "UIButton+Animator.m"; sourceTree = "<group>"; };
		846BCD6F187ACF8C00A27C9C /* PushSegue.h */ = {isa = PBXFileReference; fileEncoding = 4; lastKnownFileType = sourcecode.c.h; name = PushSegue.h; path = extension/PushSegue.h; sourceTree = SOURCE_ROOT; };
		846BCD70187ACF8C00A27C9C /* PushSegue.m */ = {isa = PBXFileReference; fileEncoding = 4; lastKnownFileType = sourcecode.c.objc; name = PushSegue.m; path = extension/PushSegue.m; sourceTree = SOURCE_ROOT; };
		846BCD7A187AE58400A27C9C /* tab bar archive icon.png */ = {isa = PBXFileReference; lastKnownFileType = image.png; name = "tab bar archive icon.png"; path = "pictures/tab bar/tab bar archive icon.png"; sourceTree = "<group>"; };
		846BCD7B187AE58400A27C9C /* tab bar archive icon@2x.png */ = {isa = PBXFileReference; lastKnownFileType = image.png; name = "tab bar archive icon@2x.png"; path = "pictures/tab bar/tab bar archive icon@2x.png"; sourceTree = "<group>"; };
		846BCD7C187AE58400A27C9C /* tab bar chat icon.png */ = {isa = PBXFileReference; lastKnownFileType = image.png; name = "tab bar chat icon.png"; path = "pictures/tab bar/tab bar chat icon.png"; sourceTree = "<group>"; };
		846BCD7D187AE58400A27C9C /* tab bar chat icon@2x.png */ = {isa = PBXFileReference; lastKnownFileType = image.png; name = "tab bar chat icon@2x.png"; path = "pictures/tab bar/tab bar chat icon@2x.png"; sourceTree = "<group>"; };
		846BCD92187B379000A27C9C /* Base */ = {isa = PBXFileReference; lastKnownFileType = file.storyboard; name = Base; path = Base.lproj/Main_iPad.storyboard; sourceTree = "<group>"; };
		846BCD9B187BCD5A00A27C9C /* UIImage+Transformations.h */ = {isa = PBXFileReference; fileEncoding = 4; lastKnownFileType = sourcecode.c.h; path = "UIImage+Transformations.h"; sourceTree = "<group>"; };
		846BCD9C187BCD5A00A27C9C /* UIImage+Transformations.m */ = {isa = PBXFileReference; fileEncoding = 4; lastKnownFileType = sourcecode.c.objc; path = "UIImage+Transformations.m"; sourceTree = "<group>"; };
		846BCDA1187BF42A00A27C9C /* LibraryViewController.h */ = {isa = PBXFileReference; fileEncoding = 4; lastKnownFileType = sourcecode.c.h; path = LibraryViewController.h; sourceTree = "<group>"; };
		846BCDA2187BF42A00A27C9C /* LibraryViewController.m */ = {isa = PBXFileReference; fileEncoding = 4; lastKnownFileType = sourcecode.c.objc; path = LibraryViewController.m; sourceTree = "<group>"; };
		846BCDA4187BF44100A27C9C /* ChatViewController.h */ = {isa = PBXFileReference; fileEncoding = 4; lastKnownFileType = sourcecode.c.h; path = ChatViewController.h; sourceTree = "<group>"; };
		846BCDA5187BF44100A27C9C /* ChatViewController.m */ = {isa = PBXFileReference; fileEncoding = 4; lastKnownFileType = sourcecode.c.objc; path = ChatViewController.m; sourceTree = "<group>"; };
		846BCDAD187BF93800A27C9C /* UITabBarController+TabBarItemIconEnhancer.h */ = {isa = PBXFileReference; fileEncoding = 4; lastKnownFileType = sourcecode.c.h; path = "UITabBarController+TabBarItemIconEnhancer.h"; sourceTree = "<group>"; };
		846BCDAE187BF93800A27C9C /* UITabBarController+TabBarItemIconEnhancer.m */ = {isa = PBXFileReference; fileEncoding = 4; lastKnownFileType = sourcecode.c.objc; path = "UITabBarController+TabBarItemIconEnhancer.m"; sourceTree = "<group>"; };
		846BCDB0187C2FEB00A27C9C /* NSURL+Tools.h */ = {isa = PBXFileReference; fileEncoding = 4; lastKnownFileType = sourcecode.c.h; path = "NSURL+Tools.h"; sourceTree = "<group>"; };
		846BCDB1187C2FEB00A27C9C /* NSURL+Tools.m */ = {isa = PBXFileReference; fileEncoding = 4; lastKnownFileType = sourcecode.c.objc; path = "NSURL+Tools.m"; sourceTree = "<group>"; };
		846BCDBA187C628C00A27C9C /* LibraryArticle.h */ = {isa = PBXFileReference; fileEncoding = 4; lastKnownFileType = sourcecode.c.h; path = LibraryArticle.h; sourceTree = "<group>"; };
		846BCDBB187C628C00A27C9C /* LibraryArticle.m */ = {isa = PBXFileReference; fileEncoding = 4; lastKnownFileType = sourcecode.c.objc; path = LibraryArticle.m; sourceTree = "<group>"; };
		846BCDBC187C628C00A27C9C /* LibraryCategory.h */ = {isa = PBXFileReference; fileEncoding = 4; lastKnownFileType = sourcecode.c.h; path = LibraryCategory.h; sourceTree = "<group>"; };
		846BCDBD187C628C00A27C9C /* LibraryCategory.m */ = {isa = PBXFileReference; fileEncoding = 4; lastKnownFileType = sourcecode.c.objc; path = LibraryCategory.m; sourceTree = "<group>"; };
		846BCDC6187C87B100A27C9C /* LibraryCategoryCell.h */ = {isa = PBXFileReference; fileEncoding = 4; lastKnownFileType = sourcecode.c.h; path = LibraryCategoryCell.h; sourceTree = "<group>"; };
		846BCDC7187C87B100A27C9C /* LibraryCategoryCell.m */ = {isa = PBXFileReference; fileEncoding = 4; lastKnownFileType = sourcecode.c.objc; path = LibraryCategoryCell.m; sourceTree = "<group>"; };
		846BCDC9187CA49400A27C9C /* Url.h */ = {isa = PBXFileReference; fileEncoding = 4; lastKnownFileType = sourcecode.c.h; path = Url.h; sourceTree = "<group>"; };
		846BCDCA187CA49400A27C9C /* Url.m */ = {isa = PBXFileReference; fileEncoding = 4; lastKnownFileType = sourcecode.c.objc; path = Url.m; sourceTree = "<group>"; };
		846BCDCC187CA6D000A27C9C /* ImageRequest.h */ = {isa = PBXFileReference; fileEncoding = 4; lastKnownFileType = sourcecode.c.h; path = ImageRequest.h; sourceTree = "<group>"; };
		846BCDCD187CA6D000A27C9C /* ImageRequest.m */ = {isa = PBXFileReference; fileEncoding = 4; lastKnownFileType = sourcecode.c.objc; path = ImageRequest.m; sourceTree = "<group>"; };
		846BCDCF187CB56100A27C9C /* LibraryArticleViewController.h */ = {isa = PBXFileReference; fileEncoding = 4; lastKnownFileType = sourcecode.c.h; path = LibraryArticleViewController.h; sourceTree = "<group>"; };
		846BCDD0187CB56100A27C9C /* LibraryArticleViewController.m */ = {isa = PBXFileReference; fileEncoding = 4; lastKnownFileType = sourcecode.c.objc; path = LibraryArticleViewController.m; sourceTree = "<group>"; };
		84913A7C187748790032D34E /* settings.plist */ = {isa = PBXFileReference; fileEncoding = 4; lastKnownFileType = text.plist.xml; path = settings.plist; sourceTree = "<group>"; };
		84E5D8A0187D993F002B07CC /* ru */ = {isa = PBXFileReference; lastKnownFileType = text.plist.strings; name = ru; path = Main_iPad.strings; sourceTree = "<group>"; };
		84E5D8A6187D9948002B07CC /* en */ = {isa = PBXFileReference; lastKnownFileType = text.plist.strings; name = en; path = Main_iPad.strings; sourceTree = "<group>"; };
		84E5D8B0187D9C34002B07CC /* en */ = {isa = PBXFileReference; lastKnownFileType = text.plist.strings; name = en; path = en.lproj/Main_iPad.strings; sourceTree = "<group>"; };
		84E5D8B8187D9C50002B07CC /* ru */ = {isa = PBXFileReference; lastKnownFileType = text.plist.strings; name = ru; path = ru.lproj/Main_iPad.strings; sourceTree = "<group>"; };
		84E5D8B9187DD183002B07CC /* ChatMessage.h */ = {isa = PBXFileReference; fileEncoding = 4; lastKnownFileType = sourcecode.c.h; path = ChatMessage.h; sourceTree = "<group>"; };
		84E5D8BA187DD183002B07CC /* ChatMessage.m */ = {isa = PBXFileReference; fileEncoding = 4; lastKnownFileType = sourcecode.c.objc; path = ChatMessage.m; sourceTree = "<group>"; };
		84E5D8BC187DD1C8002B07CC /* User.h */ = {isa = PBXFileReference; fileEncoding = 4; lastKnownFileType = sourcecode.c.h; path = User.h; sourceTree = "<group>"; };
		84E5D8BD187DD1C8002B07CC /* User.m */ = {isa = PBXFileReference; fileEncoding = 4; lastKnownFileType = sourcecode.c.objc; path = User.m; sourceTree = "<group>"; };
		84E5D8BF187DD6C3002B07CC /* ChatMessageCell.h */ = {isa = PBXFileReference; fileEncoding = 4; lastKnownFileType = sourcecode.c.h; path = ChatMessageCell.h; sourceTree = "<group>"; };
		84E5D8C0187DD6C3002B07CC /* ChatMessageCell.m */ = {isa = PBXFileReference; fileEncoding = 4; lastKnownFileType = sourcecode.c.objc; path = ChatMessageCell.m; sourceTree = "<group>"; };
		84E5D8CA187EBB2A002B07CC /* no avatar.png */ = {isa = PBXFileReference; lastKnownFileType = image.png; name = "no avatar.png"; path = "pictures/no avatar.png"; sourceTree = "<group>"; };
		84E5D8CB187EBB2A002B07CC /* no avatar@2x.png */ = {isa = PBXFileReference; lastKnownFileType = image.png; name = "no avatar@2x.png"; path = "pictures/no avatar@2x.png"; sourceTree = "<group>"; };
		84E5D8CE187EBD2F002B07CC /* no library category icon.png */ = {isa = PBXFileReference; lastKnownFileType = image.png; name = "no library category icon.png"; path = "pictures/no library category icon.png"; sourceTree = "<group>"; };
		84E5D8CF187EBD2F002B07CC /* no library category icon@2x.png */ = {isa = PBXFileReference; lastKnownFileType = image.png; name = "no library category icon@2x.png"; path = "pictures/no library category icon@2x.png"; sourceTree = "<group>"; };
		84E5D8D8187EE1A6002B07CC /* en */ = {isa = PBXFileReference; lastKnownFileType = text.plist.strings; name = en; path = Main_iPhone.strings; sourceTree = "<group>"; };
		84E5D8DB187EE1B2002B07CC /* ru */ = {isa = PBXFileReference; lastKnownFileType = text.plist.strings; name = ru; path = Main_iPhone.strings; sourceTree = "<group>"; };
		84E5D8DE187EE1D1002B07CC /* Base */ = {isa = PBXFileReference; lastKnownFileType = file.storyboard; name = Base; path = Base.lproj/Main_iPhone.storyboard; sourceTree = "<group>"; };
		84E5D8E0187EE1D7002B07CC /* ru */ = {isa = PBXFileReference; lastKnownFileType = text.plist.strings; name = ru; path = ru.lproj/Main_iPhone.strings; sourceTree = "<group>"; };
		84E5D8E1187EE1DC002B07CC /* en */ = {isa = PBXFileReference; lastKnownFileType = text.plist.strings; name = en; path = en.lproj/Main_iPhone.strings; sourceTree = "<group>"; };
		84E5D8E2187EF672002B07CC /* UIViewController+TopBarAndBottomBarSpacing.h */ = {isa = PBXFileReference; fileEncoding = 4; lastKnownFileType = sourcecode.c.h; path = "UIViewController+TopBarAndBottomBarSpacing.h"; sourceTree = "<group>"; };
		84E5D8E3187EF672002B07CC /* UIViewController+TopBarAndBottomBarSpacing.m */ = {isa = PBXFileReference; fileEncoding = 4; lastKnownFileType = sourcecode.c.objc; path = "UIViewController+TopBarAndBottomBarSpacing.m"; sourceTree = "<group>"; };
		84E5D8E5187F21C5002B07CC /* ServerCommunication.h */ = {isa = PBXFileReference; fileEncoding = 4; lastKnownFileType = sourcecode.c.h; path = ServerCommunication.h; sourceTree = "<group>"; };
		84E5D8E6187F21C5002B07CC /* ServerCommunication.m */ = {isa = PBXFileReference; fileEncoding = 4; lastKnownFileType = sourcecode.c.objc; path = ServerCommunication.m; sourceTree = "<group>"; };
		84E5D8E8187F3E8D002B07CC /* disclosure indicator.png */ = {isa = PBXFileReference; lastKnownFileType = image.png; name = "disclosure indicator.png"; path = "pictures/disclosure indicator.png"; sourceTree = "<group>"; };
		84E5D8E9187F3E8D002B07CC /* disclosure indicator@2x.png */ = {isa = PBXFileReference; lastKnownFileType = image.png; name = "disclosure indicator@2x.png"; path = "pictures/disclosure indicator@2x.png"; sourceTree = "<group>"; };
		84E5D8EC18817952002B07CC /* MultilineLabel.h */ = {isa = PBXFileReference; fileEncoding = 4; lastKnownFileType = sourcecode.c.h; path = MultilineLabel.h; sourceTree = "<group>"; };
		84E5D8ED18817952002B07CC /* MultilineLabel.m */ = {isa = PBXFileReference; fileEncoding = 4; lastKnownFileType = sourcecode.c.objc; path = MultilineLabel.m; sourceTree = "<group>"; };
		84E5D8EF18817B61002B07CC /* NSDate+TimeAgo.h */ = {isa = PBXFileReference; fileEncoding = 4; lastKnownFileType = sourcecode.c.h; path = "NSDate+TimeAgo.h"; sourceTree = "<group>"; };
		84E5D8F018817B61002B07CC /* NSDate+TimeAgo.m */ = {isa = PBXFileReference; fileEncoding = 4; lastKnownFileType = sourcecode.c.objc; path = "NSDate+TimeAgo.m"; sourceTree = "<group>"; };
		84E5D8F21881A38A002B07CC /* LibraryArticleCell.h */ = {isa = PBXFileReference; fileEncoding = 4; lastKnownFileType = sourcecode.c.h; path = LibraryArticleCell.h; sourceTree = "<group>"; };
		84E5D8F31881A38A002B07CC /* LibraryArticleCell.m */ = {isa = PBXFileReference; fileEncoding = 4; lastKnownFileType = sourcecode.c.objc; path = LibraryArticleCell.m; sourceTree = "<group>"; };
		84E9424F1884311F00BFACED /* KeyboardAwareController.h */ = {isa = PBXFileReference; fileEncoding = 4; lastKnownFileType = sourcecode.c.h; path = KeyboardAwareController.h; sourceTree = "<group>"; };
		84E942501884311F00BFACED /* KeyboardAwareController.m */ = {isa = PBXFileReference; fileEncoding = 4; lastKnownFileType = sourcecode.c.objc; path = KeyboardAwareController.m; sourceTree = "<group>"; };
/* End PBXFileReference section */

/* Begin PBXFrameworksBuildPhase section */
		8406881F186C25B900AC61DE /* Frameworks */ = {
			isa = PBXFrameworksBuildPhase;
			buildActionMask = 2147483647;
			files = (
				84068828186C25B900AC61DE /* CoreGraphics.framework in Frameworks */,
				8406882A186C25B900AC61DE /* UIKit.framework in Frameworks */,
				84068826186C25B900AC61DE /* Foundation.framework in Frameworks */,
			);
			runOnlyForDeploymentPostprocessing = 0;
		};
		84068840186C25BA00AC61DE /* Frameworks */ = {
			isa = PBXFrameworksBuildPhase;
			buildActionMask = 2147483647;
			files = (
				84068845186C25BA00AC61DE /* XCTest.framework in Frameworks */,
				84068847186C25BA00AC61DE /* UIKit.framework in Frameworks */,
				84068846186C25BA00AC61DE /* Foundation.framework in Frameworks */,
			);
			runOnlyForDeploymentPostprocessing = 0;
		};
/* End PBXFrameworksBuildPhase section */

/* Begin PBXGroup section */
		84068819186C25B900AC61DE = {
			isa = PBXGroup;
			children = (
				8408892318785B69004B84BD /* README.md */,
				84913A7C187748790032D34E /* settings.plist */,
				8406882B186C25B900AC61DE /* Sociopathy */,
				8406884A186C25BA00AC61DE /* SociopathyTests */,
				846BCD491879A48700A27C9C /* extension */,
				84068824186C25B900AC61DE /* Frameworks */,
				84068823186C25B900AC61DE /* Products */,
				846BCD5A1879A51900A27C9C /* iTunesArtwork */,
				846BCD5B1879A51900A27C9C /* iTunesArtwork@2x */,
				846BCD5C1879A51900A27C9C /* login screen logo icon.png */,
				846BCD5D1879A51900A27C9C /* login screen logo icon@2x.png */,
				846BCD5E1879A51900A27C9C /* login screen logo text.png */,
				846BCD5F1879A51900A27C9C /* login screen logo text@2x.png */,
				846BCD7A187AE58400A27C9C /* tab bar archive icon.png */,
				846BCD7B187AE58400A27C9C /* tab bar archive icon@2x.png */,
				846BCD7C187AE58400A27C9C /* tab bar chat icon.png */,
				846BCD7D187AE58400A27C9C /* tab bar chat icon@2x.png */,
				84E5D8CA187EBB2A002B07CC /* no avatar.png */,
				84E5D8CB187EBB2A002B07CC /* no avatar@2x.png */,
				84E5D8CE187EBD2F002B07CC /* no library category icon.png */,
				84E5D8CF187EBD2F002B07CC /* no library category icon@2x.png */,
				84E5D8E8187F3E8D002B07CC /* disclosure indicator.png */,
				84E5D8E9187F3E8D002B07CC /* disclosure indicator@2x.png */,
			);
			sourceTree = "<group>";
		};
		84068823186C25B900AC61DE /* Products */ = {
			isa = PBXGroup;
			children = (
				84068822186C25B900AC61DE /* Sociopathy.app */,
				84068843186C25BA00AC61DE /* SociopathyTests.xctest */,
			);
			name = Products;
			sourceTree = "<group>";
		};
		84068824186C25B900AC61DE /* Frameworks */ = {
			isa = PBXGroup;
			children = (
				84068825186C25B900AC61DE /* Foundation.framework */,
				84068827186C25B900AC61DE /* CoreGraphics.framework */,
				84068829186C25B900AC61DE /* UIKit.framework */,
				84068844186C25BA00AC61DE /* XCTest.framework */,
			);
			name = Frameworks;
			sourceTree = "<group>";
		};
		8406882B186C25B900AC61DE /* Sociopathy */ = {
			isa = PBXGroup;
			children = (
				846BCD91187B379000A27C9C /* Main_iPad.storyboard */,
				846BCD93187B379000A27C9C /* Main_iPhone.storyboard */,
				846BCD351878841900A27C9C /* en.lproj */,
				846BCD3A1878841900A27C9C /* ru.lproj */,
				84068834186C25BA00AC61DE /* AppDelegate.h */,
				84068835186C25BA00AC61DE /* AppDelegate.m */,
				8406883A186C25BA00AC61DE /* LoginViewController.h */,
				8406883B186C25BA00AC61DE /* LoginViewController.m */,
				8408892518785CD3004B84BD /* TabBarViewController.h */,
				8408892618785CD3004B84BD /* TabBarViewController.m */,
				846BCDA4187BF44100A27C9C /* ChatViewController.h */,
				846BCDA5187BF44100A27C9C /* ChatViewController.m */,
				84E5D8BF187DD6C3002B07CC /* ChatMessageCell.h */,
				84E5D8C0187DD6C3002B07CC /* ChatMessageCell.m */,
				846BCDA1187BF42A00A27C9C /* LibraryViewController.h */,
				846BCDA2187BF42A00A27C9C /* LibraryViewController.m */,
				846BCDC6187C87B100A27C9C /* LibraryCategoryCell.h */,
				846BCDC7187C87B100A27C9C /* LibraryCategoryCell.m */,
				84E5D8F21881A38A002B07CC /* LibraryArticleCell.h */,
				84E5D8F31881A38A002B07CC /* LibraryArticleCell.m */,
				846BCDCF187CB56100A27C9C /* LibraryArticleViewController.h */,
				846BCDD0187CB56100A27C9C /* LibraryArticleViewController.m */,
				846BCDC9187CA49400A27C9C /* Url.h */,
				846BCDCA187CA49400A27C9C /* Url.m */,
				84E5D8E5187F21C5002B07CC /* ServerCommunication.h */,
				84E5D8E6187F21C5002B07CC /* ServerCommunication.m */,
				84E9424F1884311F00BFACED /* KeyboardAwareController.h */,
				84E942501884311F00BFACED /* KeyboardAwareController.m */,
				846BCDB9187C628C00A27C9C /* model */,
				8406883D186C25BA00AC61DE /* Images.xcassets */,
				8406882C186C25B900AC61DE /* Supporting Files */,
			);
			path = Sociopathy;
			sourceTree = "<group>";
		};
		8406882C186C25B900AC61DE /* Supporting Files */ = {
			isa = PBXGroup;
			children = (
				8406882D186C25B900AC61DE /* Sociopathy-Info.plist */,
				8406882E186C25B900AC61DE /* InfoPlist.strings */,
				84068831186C25B900AC61DE /* main.m */,
				84068833186C25BA00AC61DE /* Sociopathy-Prefix.pch */,
			);
			name = "Supporting Files";
			sourceTree = "<group>";
		};
		8406884A186C25BA00AC61DE /* SociopathyTests */ = {
			isa = PBXGroup;
			children = (
				84068850186C25BA00AC61DE /* SociopathyTests.m */,
				8406884B186C25BA00AC61DE /* Supporting Files */,
			);
			path = SociopathyTests;
			sourceTree = "<group>";
		};
		8406884B186C25BA00AC61DE /* Supporting Files */ = {
			isa = PBXGroup;
			children = (
				8406884C186C25BA00AC61DE /* SociopathyTests-Info.plist */,
				8406884D186C25BA00AC61DE /* InfoPlist.strings */,
			);
			name = "Supporting Files";
			sourceTree = "<group>";
		};
		846BCD351878841900A27C9C /* en.lproj */ = {
			isa = PBXGroup;
			children = (
				84E5D8A5187D9948002B07CC /* Main_iPad.strings */,
				84E5D8D7187EE1A6002B07CC /* Main_iPhone.strings */,
				846BCD4618788A6900A27C9C /* Localizable.strings */,
			);
			path = en.lproj;
			sourceTree = "<group>";
		};
		846BCD3A1878841900A27C9C /* ru.lproj */ = {
			isa = PBXGroup;
			children = (
				84E5D89F187D993F002B07CC /* Main_iPad.strings */,
				84E5D8DA187EE1B2002B07CC /* Main_iPhone.strings */,
				846BCD4318788A6100A27C9C /* Localizable.strings */,
			);
			path = ru.lproj;
			sourceTree = "<group>";
		};
		846BCD491879A48700A27C9C /* extension */ = {
			isa = PBXGroup;
			children = (
				846BCDCC187CA6D000A27C9C /* ImageRequest.h */,
				846BCDCD187CA6D000A27C9C /* ImageRequest.m */,
				846BCDB0187C2FEB00A27C9C /* NSURL+Tools.h */,
				846BCDB1187C2FEB00A27C9C /* NSURL+Tools.m */,
				846BCDAD187BF93800A27C9C /* UITabBarController+TabBarItemIconEnhancer.h */,
				846BCDAE187BF93800A27C9C /* UITabBarController+TabBarItemIconEnhancer.m */,
				846BCD6F187ACF8C00A27C9C /* PushSegue.h */,
				846BCD70187ACF8C00A27C9C /* PushSegue.m */,
				846BCD6C1879D14000A27C9C /* UIButton+Animator.h */,
				846BCD6D1879D14000A27C9C /* UIButton+Animator.m */,
				846BCD691879CD4500A27C9C /* UIView+Animator.h */,
				846BCD6A1879CD4500A27C9C /* UIView+Animator.m */,
				846BCD4A1879A48700A27C9C /* NSDictionary+HttpTools.h */,
				846BCD4B1879A48700A27C9C /* NSDictionary+HttpTools.m */,
				846BCD4C1879A48700A27C9C /* NSError+Tools.h */,
				846BCD4D1879A48700A27C9C /* NSError+Tools.m */,
				846BCD4E1879A48700A27C9C /* NSString+Tools.h */,
				846BCD4F1879A48700A27C9C /* NSString+Tools.m */,
				846BCD501879A48700A27C9C /* UITextField+Tools.h */,
				846BCD511879A48700A27C9C /* UITextField+Tools.m */,
				846BCD9B187BCD5A00A27C9C /* UIImage+Transformations.h */,
				846BCD9C187BCD5A00A27C9C /* UIImage+Transformations.m */,
				84E5D8E2187EF672002B07CC /* UIViewController+TopBarAndBottomBarSpacing.h */,
				84E5D8E3187EF672002B07CC /* UIViewController+TopBarAndBottomBarSpacing.m */,
				84E5D8EC18817952002B07CC /* MultilineLabel.h */,
				84E5D8ED18817952002B07CC /* MultilineLabel.m */,
				84E5D8EF18817B61002B07CC /* NSDate+TimeAgo.h */,
				84E5D8F018817B61002B07CC /* NSDate+TimeAgo.m */,
			);
			path = extension;
			sourceTree = "<group>";
		};
		846BCDB9187C628C00A27C9C /* model */ = {
			isa = PBXGroup;
			children = (
				846BCDBA187C628C00A27C9C /* LibraryArticle.h */,
				846BCDBB187C628C00A27C9C /* LibraryArticle.m */,
				846BCDBC187C628C00A27C9C /* LibraryCategory.h */,
				846BCDBD187C628C00A27C9C /* LibraryCategory.m */,
				84E5D8B9187DD183002B07CC /* ChatMessage.h */,
				84E5D8BA187DD183002B07CC /* ChatMessage.m */,
				84E5D8BC187DD1C8002B07CC /* User.h */,
				84E5D8BD187DD1C8002B07CC /* User.m */,
			);
			path = model;
			sourceTree = "<group>";
		};
/* End PBXGroup section */

/* Begin PBXNativeTarget section */
		84068821186C25B900AC61DE /* Sociopathy */ = {
			isa = PBXNativeTarget;
			buildConfigurationList = 84068854186C25BA00AC61DE /* Build configuration list for PBXNativeTarget "Sociopathy" */;
			buildPhases = (
				8406881E186C25B900AC61DE /* Sources */,
				8406881F186C25B900AC61DE /* Frameworks */,
				84068820186C25B900AC61DE /* Resources */,
				846BCD34187883B200A27C9C /* ShellScript */,
			);
			buildRules = (
			);
			dependencies = (
			);
			name = Sociopathy;
			productName = Sociopathy;
			productReference = 84068822186C25B900AC61DE /* Sociopathy.app */;
			productType = "com.apple.product-type.application";
		};
		84068842186C25BA00AC61DE /* SociopathyTests */ = {
			isa = PBXNativeTarget;
			buildConfigurationList = 84068857186C25BA00AC61DE /* Build configuration list for PBXNativeTarget "SociopathyTests" */;
			buildPhases = (
				8406883F186C25BA00AC61DE /* Sources */,
				84068840186C25BA00AC61DE /* Frameworks */,
				84068841186C25BA00AC61DE /* Resources */,
			);
			buildRules = (
			);
			dependencies = (
				84068849186C25BA00AC61DE /* PBXTargetDependency */,
			);
			name = SociopathyTests;
			productName = SociopathyTests;
			productReference = 84068843186C25BA00AC61DE /* SociopathyTests.xctest */;
			productType = "com.apple.product-type.bundle.unit-test";
		};
/* End PBXNativeTarget section */

/* Begin PBXProject section */
		8406881A186C25B900AC61DE /* Project object */ = {
			isa = PBXProject;
			attributes = {
				LastUpgradeCheck = 0500;
				ORGANIZATIONNAME = kuchumovn;
				TargetAttributes = {
					84068842186C25BA00AC61DE = {
						TestTargetID = 84068821186C25B900AC61DE;
					};
				};
			};
			buildConfigurationList = 8406881D186C25B900AC61DE /* Build configuration list for PBXProject "Sociopathy" */;
			compatibilityVersion = "Xcode 3.2";
			developmentRegion = English;
			hasScannedForEncodings = 0;
			knownRegions = (
				en,
				Base,
				ru,
			);
			mainGroup = 84068819186C25B900AC61DE;
			productRefGroup = 84068823186C25B900AC61DE /* Products */;
			projectDirPath = "";
			projectRoot = "";
			targets = (
				84068821186C25B900AC61DE /* Sociopathy */,
				84068842186C25BA00AC61DE /* SociopathyTests */,
			);
		};
/* End PBXProject section */

/* Begin PBXResourcesBuildPhase section */
		84068820186C25B900AC61DE /* Resources */ = {
			isa = PBXResourcesBuildPhase;
			buildActionMask = 2147483647;
			files = (
				846BCD621879A51900A27C9C /* login screen logo icon.png in Resources */,
				846BCD611879A51900A27C9C /* iTunesArtwork@2x in Resources */,
				846BCD81187AE58400A27C9C /* tab bar chat icon@2x.png in Resources */,
				846BCD4818788A6900A27C9C /* Localizable.strings in Resources */,
				84E5D8EA187F3E8D002B07CC /* disclosure indicator.png in Resources */,
				84E5D8D6187EE16F002B07CC /* Main_iPhone.storyboard in Resources */,
				8406883E186C25BA00AC61DE /* Images.xcassets in Resources */,
				84068830186C25B900AC61DE /* InfoPlist.strings in Resources */,
				84E5D8CC187EBB2A002B07CC /* no avatar.png in Resources */,
				846BCD631879A51900A27C9C /* login screen logo icon@2x.png in Resources */,
				846BCD7E187AE58400A27C9C /* tab bar archive icon.png in Resources */,
				84E5D8CD187EBB2A002B07CC /* no avatar@2x.png in Resources */,
				846BCD651879A51900A27C9C /* login screen logo text@2x.png in Resources */,
				846BCD7F187AE58400A27C9C /* tab bar archive icon@2x.png in Resources */,
				84E5D8D9187EE1A6002B07CC /* Main_iPhone.strings in Resources */,
				846BCD95187B379000A27C9C /* Main_iPad.storyboard in Resources */,
				846BCD80187AE58400A27C9C /* tab bar chat icon.png in Resources */,
				84E5D8D1187EBD2F002B07CC /* no library category icon@2x.png in Resources */,
				846BCD601879A51900A27C9C /* iTunesArtwork in Resources */,
				84E5D8DC187EE1B2002B07CC /* Main_iPhone.strings in Resources */,
				84E5D8A3187D993F002B07CC /* Main_iPad.strings in Resources */,
				846BCD641879A51900A27C9C /* login screen logo text.png in Resources */,
				84E5D8A9187D9948002B07CC /* Main_iPad.strings in Resources */,
				846BCD4518788A6100A27C9C /* Localizable.strings in Resources */,
				8408892418785B69004B84BD /* README.md in Resources */,
				84E5D8D0187EBD2F002B07CC /* no library category icon.png in Resources */,
				84E5D8EB187F3E8D002B07CC /* disclosure indicator@2x.png in Resources */,
				84913A7D1877487A0032D34E /* settings.plist in Resources */,
			);
			runOnlyForDeploymentPostprocessing = 0;
		};
		84068841186C25BA00AC61DE /* Resources */ = {
			isa = PBXResourcesBuildPhase;
			buildActionMask = 2147483647;
			files = (
				8406884F186C25BA00AC61DE /* InfoPlist.strings in Resources */,
			);
			runOnlyForDeploymentPostprocessing = 0;
		};
/* End PBXResourcesBuildPhase section */

/* Begin PBXShellScriptBuildPhase section */
		846BCD34187883B200A27C9C /* ShellScript */ = {
			isa = PBXShellScriptBuildPhase;
			buildActionMask = 2147483647;
			files = (
			);
			inputPaths = (
			);
			outputPaths = (
			);
			runOnlyForDeploymentPostprocessing = 0;
			shellPath = /bin/sh;
			shellScript = "#!/bin/sh\n# Update storyboard string files\n#\n# by 2013 André Pinto andredsp@gmail.com\n# based on http://forums.macrumors.com/showthread.php?t=1467446\n\nexit 0\n\nstoryboardExt=\".storyboard\"\nstringsExt=\".strings\"\nnewStringsExt=\".strings.new\"\noldStringsExt=\".strings.old\"\nlocaleDirExt=\".lproj\"\nbaselprojName=\"Base.lproj\"\n\n# Find Base internationalization folders\nfind . -name \"$baselprojName\" | while read baselprojPath\ndo\n# Get Base project dir\nbaselprojDir=$(dirname \"$baselprojPath\")\n\n# Find storyboard file full path inside base project folder\nfind \"$baselprojPath\" -name \"*$storyboardExt\" | while read storyboardPath\ndo\n# Get Base strings file full path\nbaseStringsPath=$(echo \"$storyboardPath\" | sed \"s/$storyboardExt/$stringsExt/\")\n\n# Get storyboard file name and folder\nstoryboardFile=$(basename \"$storyboardPath\")\nstoryboardDir=$(dirname \"$storyboardPath\")\n\n# Create strings file only when storyboard file newer\nnewer=$(find \"$storyboardPath\" -prune -newer \"$baseStringsPath\")\n[ -f \"$baseStringsPath\" -a -z \"$newer\" ] && {\n    echo \"$storyboardFile file not modified.\"\n    continue\n}\n\n# Get New Base strings file full path and strings file name\nnewBaseStringsPath=$(echo \"$storyboardPath\" | sed \"s/$storyboardExt/$newStringsExt/\")\nstringsFile=$(basename \"$baseStringsPath\")\n\necho \"Creating default $stringsFile for $storyboardFile...\"\nibtool --export-strings-file \"$newBaseStringsPath\" \"$storyboardPath\"\niconv -f UTF-16 -t UTF-8 \"$newBaseStringsPath\" > \"$baseStringsPath\"\nrm \"$newBaseStringsPath\"\n\n# Get all locale strings folder with same parent as Base\nls -d \"$baselprojDir/\"*\"$localeDirExt\" | while read localeStringsDir\ndo\n# Skip Base strings folder\n[ \"$localeStringsDir\" = \"$storyboardDir\" ] && continue\n\nlocaleDir=$(basename \"$localeStringsDir\")\nlocaleStringsPath=\"$localeStringsDir/$stringsFile\"\n\n# Just copy base strings file on first time\nif [ ! -e \"$localeStringsPath\" ]; then\necho \"Copying default $stringsFile for $localeDir...\"\ncp \"$baseStringsPath\" \"$localeStringsPath\"\nelse\necho \"Merging $stringsFile changes for $localeDir...\"\noldLocaleStringsPath=$(echo \"$localeStringsPath\" | sed \"s/$stringsExt/$oldStringsExt/\")\ncp \"$localeStringsPath\" \"$oldLocaleStringsPath\"\n\n# Merge baseStringsPath to localeStringsPath\nawk '\nNR == FNR && /^\\/\\*/ {\n    x=$0\n    getline\n    a[x]=$0\n    next\n}\n/^\\/\\*/ {\n    x=$0\n    print\n    getline\n    $0=a[x]?a[x]:$0\n    printf $0\"\\n\\n\"\n}'  \"$oldLocaleStringsPath\" \"$baseStringsPath\" > \"$localeStringsPath\"\n\nrm \"$oldLocaleStringsPath\"\nfi\ndone\ndone\ndone";
		};
/* End PBXShellScriptBuildPhase section */

/* Begin PBXSourcesBuildPhase section */
		8406881E186C25B900AC61DE /* Sources */ = {
			isa = PBXSourcesBuildPhase;
			buildActionMask = 2147483647;
			files = (
				84E5D8F41881A38A002B07CC /* LibraryArticleCell.m in Sources */,
				846BCDBE187C628C00A27C9C /* LibraryArticle.m in Sources */,
				8406883C186C25BA00AC61DE /* LoginViewController.m in Sources */,
				846BCDAF187BF93800A27C9C /* UITabBarController+TabBarItemIconEnhancer.m in Sources */,
				846BCDD1187CB56100A27C9C /* LibraryArticleViewController.m in Sources */,
				846BCDBF187C628C00A27C9C /* LibraryCategory.m in Sources */,
				846BCD551879A48700A27C9C /* UITextField+Tools.m in Sources */,
				846BCD9D187BCD5A00A27C9C /* UIImage+Transformations.m in Sources */,
				846BCD531879A48700A27C9C /* NSError+Tools.m in Sources */,
				84E5D8BE187DD1C8002B07CC /* User.m in Sources */,
				846BCDC8187C87B100A27C9C /* LibraryCategoryCell.m in Sources */,
				84E5D8EE18817952002B07CC /* MultilineLabel.m in Sources */,
				846BCD521879A48700A27C9C /* NSDictionary+HttpTools.m in Sources */,
				84E5D8C1187DD6C3002B07CC /* ChatMessageCell.m in Sources */,
				846BCDCE187CA6D000A27C9C /* ImageRequest.m in Sources */,
				84E5D8F118817B61002B07CC /* NSDate+TimeAgo.m in Sources */,
				846BCD6B1879CD4500A27C9C /* UIView+Animator.m in Sources */,
				84E5D8BB187DD183002B07CC /* ChatMessage.m in Sources */,
				84E5D8E7187F21C5002B07CC /* ServerCommunication.m in Sources */,
				8408892718785CD3004B84BD /* TabBarViewController.m in Sources */,
				84E942511884311F00BFACED /* KeyboardAwareController.m in Sources */,
				846BCDB2187C2FEB00A27C9C /* NSURL+Tools.m in Sources */,
				846BCDA3187BF42A00A27C9C /* LibraryViewController.m in Sources */,
				846BCD541879A48700A27C9C /* NSString+Tools.m in Sources */,
				84E5D8E4187EF672002B07CC /* UIViewController+TopBarAndBottomBarSpacing.m in Sources */,
				84068836186C25BA00AC61DE /* AppDelegate.m in Sources */,
				846BCDCB187CA49400A27C9C /* Url.m in Sources */,
				846BCD6E1879D14000A27C9C /* UIButton+Animator.m in Sources */,
				846BCD71187ACF8C00A27C9C /* PushSegue.m in Sources */,
				846BCDA6187BF44100A27C9C /* ChatViewController.m in Sources */,
				84068832186C25B900AC61DE /* main.m in Sources */,
			);
			runOnlyForDeploymentPostprocessing = 0;
		};
		8406883F186C25BA00AC61DE /* Sources */ = {
			isa = PBXSourcesBuildPhase;
			buildActionMask = 2147483647;
			files = (
				84068851186C25BA00AC61DE /* SociopathyTests.m in Sources */,
			);
			runOnlyForDeploymentPostprocessing = 0;
		};
/* End PBXSourcesBuildPhase section */

/* Begin PBXTargetDependency section */
		84068849186C25BA00AC61DE /* PBXTargetDependency */ = {
			isa = PBXTargetDependency;
			target = 84068821186C25B900AC61DE /* Sociopathy */;
			targetProxy = 84068848186C25BA00AC61DE /* PBXContainerItemProxy */;
		};
/* End PBXTargetDependency section */

/* Begin PBXVariantGroup section */
		8406882E186C25B900AC61DE /* InfoPlist.strings */ = {
			isa = PBXVariantGroup;
			children = (
				8406882F186C25B900AC61DE /* en */,
				84088928187880FB004B84BD /* ru */,
			);
			name = InfoPlist.strings;
			sourceTree = "<group>";
		};
		8406884D186C25BA00AC61DE /* InfoPlist.strings */ = {
			isa = PBXVariantGroup;
			children = (
				8406884E186C25BA00AC61DE /* en */,
				84088929187880FB004B84BD /* ru */,
			);
			name = InfoPlist.strings;
			sourceTree = "<group>";
		};
		846BCD4318788A6100A27C9C /* Localizable.strings */ = {
			isa = PBXVariantGroup;
			children = (
				846BCD4418788A6100A27C9C /* ru */,
			);
			name = Localizable.strings;
			sourceTree = "<group>";
		};
		846BCD4618788A6900A27C9C /* Localizable.strings */ = {
			isa = PBXVariantGroup;
			children = (
				846BCD4718788A6900A27C9C /* en */,
			);
			name = Localizable.strings;
			sourceTree = "<group>";
		};
		846BCD91187B379000A27C9C /* Main_iPad.storyboard */ = {
			isa = PBXVariantGroup;
			children = (
				846BCD92187B379000A27C9C /* Base */,
				84E5D8B0187D9C34002B07CC /* en */,
				84E5D8B8187D9C50002B07CC /* ru */,
			);
			name = Main_iPad.storyboard;
			sourceTree = "<group>";
		};
		846BCD93187B379000A27C9C /* Main_iPhone.storyboard */ = {
			isa = PBXVariantGroup;
			children = (
				84E5D8DE187EE1D1002B07CC /* Base */,
				84E5D8E0187EE1D7002B07CC /* ru */,
				84E5D8E1187EE1DC002B07CC /* en */,
			);
			name = Main_iPhone.storyboard;
			sourceTree = "<group>";
		};
		84E5D89F187D993F002B07CC /* Main_iPad.strings */ = {
			isa = PBXVariantGroup;
			children = (
				84E5D8A0187D993F002B07CC /* ru */,
			);
			name = Main_iPad.strings;
			sourceTree = "<group>";
		};
		84E5D8A5187D9948002B07CC /* Main_iPad.strings */ = {
			isa = PBXVariantGroup;
			children = (
				84E5D8A6187D9948002B07CC /* en */,
			);
			name = Main_iPad.strings;
			sourceTree = "<group>";
		};
		84E5D8D7187EE1A6002B07CC /* Main_iPhone.strings */ = {
			isa = PBXVariantGroup;
			children = (
				84E5D8D8187EE1A6002B07CC /* en */,
			);
			name = Main_iPhone.strings;
			sourceTree = "<group>";
		};
		84E5D8DA187EE1B2002B07CC /* Main_iPhone.strings */ = {
			isa = PBXVariantGroup;
			children = (
				84E5D8DB187EE1B2002B07CC /* ru */,
			);
			name = Main_iPhone.strings;
			sourceTree = "<group>";
		};
/* End PBXVariantGroup section */

/* Begin XCBuildConfiguration section */
		84068852186C25BA00AC61DE /* Debug */ = {
			isa = XCBuildConfiguration;
			buildSettings = {
				ALWAYS_SEARCH_USER_PATHS = NO;
				ARCHS = "$(ARCHS_STANDARD_INCLUDING_64_BIT)";
				CLANG_CXX_LANGUAGE_STANDARD = "gnu++0x";
				CLANG_CXX_LIBRARY = "libc++";
				CLANG_ENABLE_MODULES = YES;
				CLANG_ENABLE_OBJC_ARC = YES;
				CLANG_WARN_BOOL_CONVERSION = YES;
				CLANG_WARN_CONSTANT_CONVERSION = YES;
				CLANG_WARN_DIRECT_OBJC_ISA_USAGE = YES_ERROR;
				CLANG_WARN_EMPTY_BODY = YES;
				CLANG_WARN_ENUM_CONVERSION = YES;
				CLANG_WARN_INT_CONVERSION = YES;
				CLANG_WARN_OBJC_ROOT_CLASS = YES_ERROR;
				CLANG_WARN__DUPLICATE_METHOD_MATCH = YES;
				"CODE_SIGN_IDENTITY[sdk=iphoneos*]" = "iPhone Developer";
				COPY_PHASE_STRIP = NO;
				GCC_C_LANGUAGE_STANDARD = gnu99;
				GCC_DYNAMIC_NO_PIC = NO;
				GCC_OPTIMIZATION_LEVEL = 0;
				GCC_PREPROCESSOR_DEFINITIONS = (
					"DEBUG=1",
					"$(inherited)",
				);
				GCC_SYMBOLS_PRIVATE_EXTERN = NO;
				GCC_WARN_64_TO_32_BIT_CONVERSION = YES;
				GCC_WARN_ABOUT_RETURN_TYPE = YES_ERROR;
				GCC_WARN_UNDECLARED_SELECTOR = YES;
				GCC_WARN_UNINITIALIZED_AUTOS = YES;
				GCC_WARN_UNUSED_FUNCTION = YES;
				GCC_WARN_UNUSED_VARIABLE = YES;
				IPHONEOS_DEPLOYMENT_TARGET = 7.0;
				ONLY_ACTIVE_ARCH = YES;
				SDKROOT = iphoneos;
			};
			name = Debug;
		};
		84068853186C25BA00AC61DE /* Release */ = {
			isa = XCBuildConfiguration;
			buildSettings = {
				ALWAYS_SEARCH_USER_PATHS = NO;
				ARCHS = "$(ARCHS_STANDARD_INCLUDING_64_BIT)";
				CLANG_CXX_LANGUAGE_STANDARD = "gnu++0x";
				CLANG_CXX_LIBRARY = "libc++";
				CLANG_ENABLE_MODULES = YES;
				CLANG_ENABLE_OBJC_ARC = YES;
				CLANG_WARN_BOOL_CONVERSION = YES;
				CLANG_WARN_CONSTANT_CONVERSION = YES;
				CLANG_WARN_DIRECT_OBJC_ISA_USAGE = YES_ERROR;
				CLANG_WARN_EMPTY_BODY = YES;
				CLANG_WARN_ENUM_CONVERSION = YES;
				CLANG_WARN_INT_CONVERSION = YES;
				CLANG_WARN_OBJC_ROOT_CLASS = YES_ERROR;
				CLANG_WARN__DUPLICATE_METHOD_MATCH = YES;
				"CODE_SIGN_IDENTITY[sdk=iphoneos*]" = "iPhone Developer";
				COPY_PHASE_STRIP = YES;
				ENABLE_NS_ASSERTIONS = NO;
				GCC_C_LANGUAGE_STANDARD = gnu99;
				GCC_WARN_64_TO_32_BIT_CONVERSION = YES;
				GCC_WARN_ABOUT_RETURN_TYPE = YES_ERROR;
				GCC_WARN_UNDECLARED_SELECTOR = YES;
				GCC_WARN_UNINITIALIZED_AUTOS = YES;
				GCC_WARN_UNUSED_FUNCTION = YES;
				GCC_WARN_UNUSED_VARIABLE = YES;
				IPHONEOS_DEPLOYMENT_TARGET = 7.0;
				SDKROOT = iphoneos;
				VALIDATE_PRODUCT = YES;
			};
			name = Release;
		};
		84068855186C25BA00AC61DE /* Debug */ = {
			isa = XCBuildConfiguration;
			buildSettings = {
				ASSETCATALOG_COMPILER_APPICON_NAME = AppIcon;
				ASSETCATALOG_COMPILER_LAUNCHIMAGE_NAME = LaunchImage;
				CODE_SIGN_IDENTITY = "iPhone Developer";
				GCC_PRECOMPILE_PREFIX_HEADER = YES;
				GCC_PREFIX_HEADER = "Sociopathy/Sociopathy-Prefix.pch";
				INFOPLIST_FILE = "Sociopathy/Sociopathy-Info.plist";
				IPHONEOS_DEPLOYMENT_TARGET = 7.0;
				PRODUCT_NAME = "$(TARGET_NAME)";
				TARGETED_DEVICE_FAMILY = "1,2";
				WRAPPER_EXTENSION = app;
			};
			name = Debug;
		};
		84068856186C25BA00AC61DE /* Release */ = {
			isa = XCBuildConfiguration;
			buildSettings = {
				ASSETCATALOG_COMPILER_APPICON_NAME = AppIcon;
				ASSETCATALOG_COMPILER_LAUNCHIMAGE_NAME = LaunchImage;
				CODE_SIGN_IDENTITY = "iPhone Developer";
				GCC_PRECOMPILE_PREFIX_HEADER = YES;
				GCC_PREFIX_HEADER = "Sociopathy/Sociopathy-Prefix.pch";
				INFOPLIST_FILE = "Sociopathy/Sociopathy-Info.plist";
				IPHONEOS_DEPLOYMENT_TARGET = 7.0;
				PRODUCT_NAME = "$(TARGET_NAME)";
				TARGETED_DEVICE_FAMILY = "1,2";
				WRAPPER_EXTENSION = app;
			};
			name = Release;
		};
		84068858186C25BA00AC61DE /* Debug */ = {
			isa = XCBuildConfiguration;
			buildSettings = {
				ARCHS = "$(ARCHS_STANDARD_INCLUDING_64_BIT)";
				BUNDLE_LOADER = "$(BUILT_PRODUCTS_DIR)/Sociopathy.app/Sociopathy";
				FRAMEWORK_SEARCH_PATHS = (
					"$(SDKROOT)/Developer/Library/Frameworks",
					"$(inherited)",
					"$(DEVELOPER_FRAMEWORKS_DIR)",
				);
				GCC_PRECOMPILE_PREFIX_HEADER = YES;
				GCC_PREFIX_HEADER = "Sociopathy/Sociopathy-Prefix.pch";
				GCC_PREPROCESSOR_DEFINITIONS = (
					"DEBUG=1",
					"$(inherited)",
				);
				INFOPLIST_FILE = "SociopathyTests/SociopathyTests-Info.plist";
				PRODUCT_NAME = "$(TARGET_NAME)";
				TEST_HOST = "$(BUNDLE_LOADER)";
				WRAPPER_EXTENSION = xctest;
			};
			name = Debug;
		};
		84068859186C25BA00AC61DE /* Release */ = {
			isa = XCBuildConfiguration;
			buildSettings = {
				ARCHS = "$(ARCHS_STANDARD_INCLUDING_64_BIT)";
				BUNDLE_LOADER = "$(BUILT_PRODUCTS_DIR)/Sociopathy.app/Sociopathy";
				FRAMEWORK_SEARCH_PATHS = (
					"$(SDKROOT)/Developer/Library/Frameworks",
					"$(inherited)",
					"$(DEVELOPER_FRAMEWORKS_DIR)",
				);
				GCC_PRECOMPILE_PREFIX_HEADER = YES;
				GCC_PREFIX_HEADER = "Sociopathy/Sociopathy-Prefix.pch";
				INFOPLIST_FILE = "SociopathyTests/SociopathyTests-Info.plist";
				PRODUCT_NAME = "$(TARGET_NAME)";
				TEST_HOST = "$(BUNDLE_LOADER)";
				WRAPPER_EXTENSION = xctest;
			};
			name = Release;
		};
/* End XCBuildConfiguration section */

/* Begin XCConfigurationList section */
		8406881D186C25B900AC61DE /* Build configuration list for PBXProject "Sociopathy" */ = {
			isa = XCConfigurationList;
			buildConfigurations = (
				84068852186C25BA00AC61DE /* Debug */,
				84068853186C25BA00AC61DE /* Release */,
			);
			defaultConfigurationIsVisible = 0;
			defaultConfigurationName = Release;
		};
		84068854186C25BA00AC61DE /* Build configuration list for PBXNativeTarget "Sociopathy" */ = {
			isa = XCConfigurationList;
			buildConfigurations = (
				84068855186C25BA00AC61DE /* Debug */,
				84068856186C25BA00AC61DE /* Release */,
			);
			defaultConfigurationIsVisible = 0;
			defaultConfigurationName = Release;
		};
		84068857186C25BA00AC61DE /* Build configuration list for PBXNativeTarget "SociopathyTests" */ = {
			isa = XCConfigurationList;
			buildConfigurations = (
				84068858186C25BA00AC61DE /* Debug */,
				84068859186C25BA00AC61DE /* Release */,
			);
			defaultConfigurationIsVisible = 0;
			defaultConfigurationName = Release;
		};
/* End XCConfigurationList section */
	};
	rootObject = 8406881A186C25B900AC61DE /* Project object */;
}
